
Microsoft Visual Studio Solution File, Format Version 12.00
# Visual Studio Version 17
VisualStudioVersion = 17.4.33122.133
MinimumVisualStudioVersion = 10.0.40219.1
Project("{FAE04EC0-301F-11D3-BF4B-00C04F79EFBC}") = "KafkaApp", "KafkaApp\KafkaApp.csproj", "{1C4F7B4A-17C1-4B47-B640-2D5AF8CEC834}"
EndProject
Project("{FAE04EC0-301F-11D3-BF4B-00C04F79EFBC}") = "MessageBroker.Kafka.Lib", "MessageBroker.Kafka.Lib\MessageBroker.Kafka.Lib.csproj", "{C2ED408F-91D7-4F8C-B3A5-09FE7915F755}"
EndProject
Project("{FAE04EC0-301F-11D3-BF4B-00C04F79EFBC}") = "NameService", "NameService\NameService.csproj", "{2A73B7A9-1276-440A-AD64-460C963F5BB9}"
EndProject
Global
	GlobalSection(SolutionConfigurationPlatforms) = preSolution
		Debug|Any CPU = Debug|Any CPU
		Release|Any CPU = Release|Any CPU
	EndGlobalSection
	GlobalSection(ProjectConfigurationPlatforms) = postSolution
		{1C4F7B4A-17C1-4B47-B640-2D5AF8CEC834}.Debug|Any CPU.ActiveCfg = Debug|Any CPU
		{1C4F7B4A-17C1-4B47-B640-2D5AF8CEC834}.Debug|Any CPU.Build.0 = Debug|Any CPU
		{1C4F7B4A-17C1-4B47-B640-2D5AF8CEC834}.Release|Any CPU.ActiveCfg = Release|Any CPU
		{1C4F7B4A-17C1-4B47-B640-2D5AF8CEC834}.Release|Any CPU.Build.0 = Release|Any CPU
		{C2ED408F-91D7-4F8C-B3A5-09FE7915F755}.Debug|Any CPU.ActiveCfg = Debug|Any CPU
		{C2ED408F-91D7-4F8C-B3A5-09FE7915F755}.Debug|Any CPU.Build.0 = Debug|Any CPU
		{C2ED408F-91D7-4F8C-B3A5-09FE7915F755}.Release|Any CPU.ActiveCfg = Release|Any CPU
		{C2ED408F-91D7-4F8C-B3A5-09FE7915F755}.Release|Any CPU.Build.0 = Release|Any CPU
		{2A73B7A9-1276-440A-AD64-460C963F5BB9}.Debug|Any CPU.ActiveCfg = Debug|Any CPU
		{2A73B7A9-1276-440A-AD64-460C963F5BB9}.Debug|Any CPU.Build.0 = Debug|Any CPU
		{2A73B7A9-1276-440A-AD64-460C963F5BB9}.Release|Any CPU.ActiveCfg = Release|Any CPU
		{2A73B7A9-1276-440A-AD64-460C963F5BB9}.Release|Any CPU.Build.0 = Release|Any CPU
	EndGlobalSection
	GlobalSection(SolutionProperties) = preSolution
		HideSolutionNode = FALSE
	EndGlobalSection
	GlobalSection(ExtensibilityGlobals) = postSolution
		SolutionGuid = {8DDE9784-C66D-4ABC-8179-E3AE01470DFB}
	EndGlobalSection
EndGlobal
